
Microsoft Visual Studio Solution File, Format Version 12.00
# Visual Studio 15
VisualStudioVersion = 15.0.28010.2016
MinimumVisualStudioVersion = 10.0.40219.1
Project("{FAE04EC0-301F-11D3-BF4B-00C04F79EFBC}") = "WebApp", "WebApp\WebApp.csproj", "{90B99795-5D5C-496C-A92C-918AE90A9E6D}"
EndProject
Global
	GlobalSection(SolutionConfigurationPlatforms) = preSolution
		Debug|Any CPU = Debug|Any CPU
		Release|Any CPU = Release|Any CPU
	EndGlobalSection
	GlobalSection(ProjectConfigurationPlatforms) = postSolution
		{90B99795-5D5C-496C-A92C-918AE90A9E6D}.Debug|Any CPU.ActiveCfg = Debug|Any CPU
		{90B99795-5D5C-496C-A92C-918AE90A9E6D}.Debug|Any CPU.Build.0 = Debug|Any CPU
		{90B99795-5D5C-496C-A92C-918AE90A9E6D}.Release|Any CPU.ActiveCfg = Release|Any CPU
		{90B99795-5D5C-496C-A92C-918AE90A9E6D}.Release|Any CPU.Build.0 = Release|Any CPU
	EndGlobalSection
	GlobalSection(SolutionProperties) = preSolution
		HideSolutionNode = FALSE
	EndGlobalSection
	GlobalSection(ExtensibilityGlobals) = postSolution
		SolutionGuid = {FDE5B31B-8168-4C60-BFF4-D9A63561C2C3}
	EndGlobalSection
EndGlobal
